
Microsoft Visual Studio Solution File, Format Version 12.00
# Visual Studio Version 16
VisualStudioVersion = 16.0.31702.278
MinimumVisualStudioVersion = 10.0.40219.1
Project("{FAE04EC0-301F-11D3-BF4B-00C04F79EFBC}") = "PlaceOrderDemo", "PlaceOrderDemo\PlaceOrderDemo.csproj", "{7CEE4928-7FF2-4FCA-A0A2-F3139A2E89F7}"
EndProject
Project("{FAE04EC0-301F-11D3-BF4B-00C04F79EFBC}") = "PlaceOrderTest", "PlaceOrderTest\PlaceOrderTest.csproj", "{7B401BD6-A253-4AB7-A142-3B632B57B4A0}"
EndProject
Global
	GlobalSection(SolutionConfigurationPlatforms) = preSolution
		Debug|Any CPU = Debug|Any CPU
		Release|Any CPU = Release|Any CPU
	EndGlobalSection
	GlobalSection(ProjectConfigurationPlatforms) = postSolution
		{7CEE4928-7FF2-4FCA-A0A2-F3139A2E89F7}.Debug|Any CPU.ActiveCfg = Debug|Any CPU
		{7CEE4928-7FF2-4FCA-A0A2-F3139A2E89F7}.Debug|Any CPU.Build.0 = Debug|Any CPU
		{7CEE4928-7FF2-4FCA-A0A2-F3139A2E89F7}.Release|Any CPU.ActiveCfg = Release|Any CPU
		{7CEE4928-7FF2-4FCA-A0A2-F3139A2E89F7}.Release|Any CPU.Build.0 = Release|Any CPU
		{7B401BD6-A253-4AB7-A142-3B632B57B4A0}.Debug|Any CPU.ActiveCfg = Debug|Any CPU
		{7B401BD6-A253-4AB7-A142-3B632B57B4A0}.Debug|Any CPU.Build.0 = Debug|Any CPU
		{7B401BD6-A253-4AB7-A142-3B632B57B4A0}.Release|Any CPU.ActiveCfg = Release|Any CPU
		{7B401BD6-A253-4AB7-A142-3B632B57B4A0}.Release|Any CPU.Build.0 = Release|Any CPU
	EndGlobalSection
	GlobalSection(SolutionProperties) = preSolution
		HideSolutionNode = FALSE
	EndGlobalSection
	GlobalSection(ExtensibilityGlobals) = postSolution
		SolutionGuid = {C9594AF3-0864-4B83-BA80-B49B2B273947}
	EndGlobalSection
EndGlobal
